
Microsoft Visual Studio Solution File, Format Version 12.00
# Visual Studio 2012
Project("{8BC9CEB8-8B4A-11D0-8D11-00A0C91BC942}") = "MySQLConnectionDBSample", "MySQLConnectionDBSample\MySQLConnectionDBSample.vcxproj", "{F5A7AAA8-6055-426B-8C13-0B169ECFC58D}"
EndProject
Global
	GlobalSection(SolutionConfigurationPlatforms) = preSolution
		Debug|Win32 = Debug|Win32
		Release|Win32 = Release|Win32
	EndGlobalSection
	GlobalSection(ProjectConfigurationPlatforms) = postSolution
		{F5A7AAA8-6055-426B-8C13-0B169ECFC58D}.Debug|Win32.ActiveCfg = Debug|Win32
		{F5A7AAA8-6055-426B-8C13-0B169ECFC58D}.Debug|Win32.Build.0 = Debug|Win32
		{F5A7AAA8-6055-426B-8C13-0B169ECFC58D}.Release|Win32.ActiveCfg = Release|Win32
		{F5A7AAA8-6055-426B-8C13-0B169ECFC58D}.Release|Win32.Build.0 = Release|Win32
	EndGlobalSection
	GlobalSection(SolutionProperties) = preSolution
		HideSolutionNode = FALSE
	EndGlobalSection
EndGlobal
